// !$*UTF8*$!
{
	archiveVersion = 1;
	classes = {
	};
	objectVersion = 56;
	objects = {

/* Begin PBXBuildFile section */
		0924B4562AFA85FA00904A2A /* EmptyListView.swift in Sources */ = {isa = PBXBuildFile; fileRef = 0924B4552AFA85FA00904A2A /* EmptyListView.swift */; };
		0958C5022B027378005ED83C /* ThemeModel.swift in Sources */ = {isa = PBXBuildFile; fileRef = 0958C5012B027378005ED83C /* ThemeModel.swift */; };
		0958C5042B0273DC005ED83C /* ThemeData.swift in Sources */ = {isa = PBXBuildFile; fileRef = 0958C5032B0273DC005ED83C /* ThemeData.swift */; };
		0958C5062B02746C005ED83C /* ThemeSettings.swift in Sources */ = {isa = PBXBuildFile; fileRef = 0958C5052B02746C005ED83C /* ThemeSettings.swift */; };
		099444C72B01294200A073B1 /* Blue Light.png in Resources */ = {isa = PBXBuildFile; fileRef = 099444BE2B01293800A073B1 /* Blue Light.png */; };
		099444C82B01294200A073B1 /* Green Dark.png in Resources */ = {isa = PBXBuildFile; fileRef = 099444BF2B01293900A073B1 /* Green Dark.png */; };
		099444C92B01294200A073B1 /* Blue.png in Resources */ = {isa = PBXBuildFile; fileRef = 099444C02B01293900A073B1 /* Blue.png */; };
		099444CA2B01294200A073B1 /* Green Light.png in Resources */ = {isa = PBXBuildFile; fileRef = 099444C12B01293B00A073B1 /* Green Light.png */; };
		099444CB2B01294200A073B1 /* Pink.png in Resources */ = {isa = PBXBuildFile; fileRef = 099444C22B01293C00A073B1 /* Pink.png */; };
		099444CC2B01294200A073B1 /* Blue Dark.png in Resources */ = {isa = PBXBuildFile; fileRef = 099444C32B01293F00A073B1 /* Blue Dark.png */; };
		099444CD2B01294200A073B1 /* Green.png in Resources */ = {isa = PBXBuildFile; fileRef = 099444C42B01294100A073B1 /* Green.png */; };
		099444CE2B01294200A073B1 /* Pink Dark.png in Resources */ = {isa = PBXBuildFile; fileRef = 099444C52B01294100A073B1 /* Pink Dark.png */; };
		099444CF2B01294200A073B1 /* Pink Light.png in Resources */ = {isa = PBXBuildFile; fileRef = 099444C62B01294200A073B1 /* Pink Light.png */; };
		09B52FC02AF315A400C8A2C1 /* To_Do_AppApp.swift in Sources */ = {isa = PBXBuildFile; fileRef = 09B52FBF2AF315A400C8A2C1 /* To_Do_AppApp.swift */; };
		09B52FC22AF315A400C8A2C1 /* ContentView.swift in Sources */ = {isa = PBXBuildFile; fileRef = 09B52FC12AF315A400C8A2C1 /* ContentView.swift */; };
		09B52FC42AF315AB00C8A2C1 /* Assets.xcassets in Resources */ = {isa = PBXBuildFile; fileRef = 09B52FC32AF315AB00C8A2C1 /* Assets.xcassets */; };
		09B52FC72AF315AB00C8A2C1 /* Preview Assets.xcassets in Resources */ = {isa = PBXBuildFile; fileRef = 09B52FC62AF315AB00C8A2C1 /* Preview Assets.xcassets */; };
		09B52FC92AF315AB00C8A2C1 /* Persistence.swift in Sources */ = {isa = PBXBuildFile; fileRef = 09B52FC82AF315AB00C8A2C1 /* Persistence.swift */; };
		09B52FCC2AF315AB00C8A2C1 /* To_Do_App.xcdatamodeld in Sources */ = {isa = PBXBuildFile; fileRef = 09B52FCA2AF315AB00C8A2C1 /* To_Do_App.xcdatamodeld */; };
		09B52FD42AF3168F00C8A2C1 /* AddToDoView.swift in Sources */ = {isa = PBXBuildFile; fileRef = 09B52FD32AF3168F00C8A2C1 /* AddToDoView.swift */; };
		09E5BC852AF9520500CE9DFE /* LaunchScreen.storyboard in Resources */ = {isa = PBXBuildFile; fileRef = 09E5BC842AF9520500CE9DFE /* LaunchScreen.storyboard */; };
		09FC7B622AFD96D000C3D6F1 /* SettingsView.swift in Sources */ = {isa = PBXBuildFile; fileRef = 09FC7B612AFD96D000C3D6F1 /* SettingsView.swift */; };
		09FC7B642AFD9B9900C3D6F1 /* FormRowStaticView.swift in Sources */ = {isa = PBXBuildFile; fileRef = 09FC7B632AFD9B9900C3D6F1 /* FormRowStaticView.swift */; };
		09FC7B662AFD9E7D00C3D6F1 /* FormRowLinkView.swift in Sources */ = {isa = PBXBuildFile; fileRef = 09FC7B652AFD9E7D00C3D6F1 /* FormRowLinkView.swift */; };
/* End PBXBuildFile section */

/* Begin PBXFileReference section */
		0924B4542AFA829D00904A2A /* To-Do-App-Info.plist */ = {isa = PBXFileReference; lastKnownFileType = text.plist; path = "To-Do-App-Info.plist"; sourceTree = SOURCE_ROOT; };
		0924B4552AFA85FA00904A2A /* EmptyListView.swift */ = {isa = PBXFileReference; lastKnownFileType = sourcecode.swift; path = EmptyListView.swift; sourceTree = "<group>"; };
		0958C5012B027378005ED83C /* ThemeModel.swift */ = {isa = PBXFileReference; lastKnownFileType = sourcecode.swift; path = ThemeModel.swift; sourceTree = "<group>"; };
		0958C5032B0273DC005ED83C /* ThemeData.swift */ = {isa = PBXFileReference; lastKnownFileType = sourcecode.swift; path = ThemeData.swift; sourceTree = "<group>"; };
		0958C5052B02746C005ED83C /* ThemeSettings.swift */ = {isa = PBXFileReference; lastKnownFileType = sourcecode.swift; path = ThemeSettings.swift; sourceTree = "<group>"; };
		099444BE2B01293800A073B1 /* Blue Light.png */ = {isa = PBXFileReference; lastKnownFileType = image.png; path = "Blue Light.png"; sourceTree = "<group>"; };
		099444BF2B01293900A073B1 /* Green Dark.png */ = {isa = PBXFileReference; lastKnownFileType = image.png; path = "Green Dark.png"; sourceTree = "<group>"; };
		099444C02B01293900A073B1 /* Blue.png */ = {isa = PBXFileReference; lastKnownFileType = image.png; path = Blue.png; sourceTree = "<group>"; };
		099444C12B01293B00A073B1 /* Green Light.png */ = {isa = PBXFileReference; lastKnownFileType = image.png; path = "Green Light.png"; sourceTree = "<group>"; };
		099444C22B01293C00A073B1 /* Pink.png */ = {isa = PBXFileReference; lastKnownFileType = image.png; path = Pink.png; sourceTree = "<group>"; };
		099444C32B01293F00A073B1 /* Blue Dark.png */ = {isa = PBXFileReference; lastKnownFileType = image.png; path = "Blue Dark.png"; sourceTree = "<group>"; };
		099444C42B01294100A073B1 /* Green.png */ = {isa = PBXFileReference; lastKnownFileType = image.png; path = Green.png; sourceTree = "<group>"; };
		099444C52B01294100A073B1 /* Pink Dark.png */ = {isa = PBXFileReference; lastKnownFileType = image.png; path = "Pink Dark.png"; sourceTree = "<group>"; };
		099444C62B01294200A073B1 /* Pink Light.png */ = {isa = PBXFileReference; lastKnownFileType = image.png; path = "Pink Light.png"; sourceTree = "<group>"; };
		09B52FBC2AF315A400C8A2C1 /* To Do App.app */ = {isa = PBXFileReference; explicitFileType = wrapper.application; includeInIndex = 0; path = "To Do App.app"; sourceTree = BUILT_PRODUCTS_DIR; };
		09B52FBF2AF315A400C8A2C1 /* To_Do_AppApp.swift */ = {isa = PBXFileReference; lastKnownFileType = sourcecode.swift; path = To_Do_AppApp.swift; sourceTree = "<group>"; };
		09B52FC12AF315A400C8A2C1 /* ContentView.swift */ = {isa = PBXFileReference; lastKnownFileType = sourcecode.swift; path = ContentView.swift; sourceTree = "<group>"; };
		09B52FC32AF315AB00C8A2C1 /* Assets.xcassets */ = {isa = PBXFileReference; lastKnownFileType = folder.assetcatalog; path = Assets.xcassets; sourceTree = "<group>"; };
		09B52FC62AF315AB00C8A2C1 /* Preview Assets.xcassets */ = {isa = PBXFileReference; lastKnownFileType = folder.assetcatalog; path = "Preview Assets.xcassets"; sourceTree = "<group>"; };
		09B52FC82AF315AB00C8A2C1 /* Persistence.swift */ = {isa = PBXFileReference; lastKnownFileType = sourcecode.swift; path = Persistence.swift; sourceTree = "<group>"; };
		09B52FCB2AF315AB00C8A2C1 /* To_Do_App.xcdatamodel */ = {isa = PBXFileReference; lastKnownFileType = wrapper.xcdatamodel; path = To_Do_App.xcdatamodel; sourceTree = "<group>"; };
		09B52FD32AF3168F00C8A2C1 /* AddToDoView.swift */ = {isa = PBXFileReference; lastKnownFileType = sourcecode.swift; path = AddToDoView.swift; sourceTree = "<group>"; };
		09E5BC842AF9520500CE9DFE /* LaunchScreen.storyboard */ = {isa = PBXFileReference; lastKnownFileType = file.storyboard; path = LaunchScreen.storyboard; sourceTree = "<group>"; };
		09FC7B612AFD96D000C3D6F1 /* SettingsView.swift */ = {isa = PBXFileReference; lastKnownFileType = sourcecode.swift; path = SettingsView.swift; sourceTree = "<group>"; };
		09FC7B632AFD9B9900C3D6F1 /* FormRowStaticView.swift */ = {isa = PBXFileReference; lastKnownFileType = sourcecode.swift; path = FormRowStaticView.swift; sourceTree = "<group>"; };
		09FC7B652AFD9E7D00C3D6F1 /* FormRowLinkView.swift */ = {isa = PBXFileReference; lastKnownFileType = sourcecode.swift; path = FormRowLinkView.swift; sourceTree = "<group>"; };
/* End PBXFileReference section */

/* Begin PBXFrameworksBuildPhase section */
		09B52FB92AF315A400C8A2C1 /* Frameworks */ = {
			isa = PBXFrameworksBuildPhase;
			buildActionMask = 2147483647;
			files = (
			);
			runOnlyForDeploymentPostprocessing = 0;
		};
/* End PBXFrameworksBuildPhase section */

/* Begin PBXGroup section */
		0958C5002B027356005ED83C /* Theme */ = {
			isa = PBXGroup;
			children = (
				0958C5012B027378005ED83C /* ThemeModel.swift */,
				0958C5032B0273DC005ED83C /* ThemeData.swift */,
				0958C5052B02746C005ED83C /* ThemeSettings.swift */,
			);
			path = Theme;
			sourceTree = "<group>";
		};
		099444BD2B0128BF00A073B1 /* Icons */ = {
			isa = PBXGroup;
			children = (
				099444C32B01293F00A073B1 /* Blue Dark.png */,
				099444BE2B01293800A073B1 /* Blue Light.png */,
				099444C02B01293900A073B1 /* Blue.png */,
				099444BF2B01293900A073B1 /* Green Dark.png */,
				099444C12B01293B00A073B1 /* Green Light.png */,
				099444C42B01294100A073B1 /* Green.png */,
				099444C52B01294100A073B1 /* Pink Dark.png */,
				099444C62B01294200A073B1 /* Pink Light.png */,
				099444C22B01293C00A073B1 /* Pink.png */,
			);
			path = Icons;
			sourceTree = "<group>";
		};
		09B52FB32AF315A400C8A2C1 = {
			isa = PBXGroup;
			children = (
				09B52FBE2AF315A400C8A2C1 /* To Do App */,
				09B52FBD2AF315A400C8A2C1 /* Products */,
			);
			sourceTree = "<group>";
		};
		09B52FBD2AF315A400C8A2C1 /* Products */ = {
			isa = PBXGroup;
			children = (
				09B52FBC2AF315A400C8A2C1 /* To Do App.app */,
			);
			name = Products;
			sourceTree = "<group>";
		};
		09B52FBE2AF315A400C8A2C1 /* To Do App */ = {
			isa = PBXGroup;
			children = (
				0958C5002B027356005ED83C /* Theme */,
				099444BD2B0128BF00A073B1 /* Icons */,
				0924B4542AFA829D00904A2A /* To-Do-App-Info.plist */,
				09B52FBF2AF315A400C8A2C1 /* To_Do_AppApp.swift */,
				09B52FD22AF3166100C8A2C1 /* View */,
				09B52FC32AF315AB00C8A2C1 /* Assets.xcassets */,
				09B52FC82AF315AB00C8A2C1 /* Persistence.swift */,
				09B52FCA2AF315AB00C8A2C1 /* To_Do_App.xcdatamodeld */,
				09B52FC52AF315AB00C8A2C1 /* Preview Content */,
				09E5BC842AF9520500CE9DFE /* LaunchScreen.storyboard */,
			);
			path = "To Do App";
			sourceTree = "<group>";
		};
		09B52FC52AF315AB00C8A2C1 /* Preview Content */ = {
			isa = PBXGroup;
			children = (
				09B52FC62AF315AB00C8A2C1 /* Preview Assets.xcassets */,
			);
			path = "Preview Content";
			sourceTree = "<group>";
		};
		09B52FD22AF3166100C8A2C1 /* View */ = {
			isa = PBXGroup;
			children = (
				09B52FC12AF315A400C8A2C1 /* ContentView.swift */,
				09B52FD32AF3168F00C8A2C1 /* AddToDoView.swift */,
				0924B4552AFA85FA00904A2A /* EmptyListView.swift */,
				09FC7B612AFD96D000C3D6F1 /* SettingsView.swift */,
				09FC7B632AFD9B9900C3D6F1 /* FormRowStaticView.swift */,
				09FC7B652AFD9E7D00C3D6F1 /* FormRowLinkView.swift */,
			);
			path = View;
			sourceTree = "<group>";
		};
/* End PBXGroup section */

/* Begin PBXNativeTarget section */
		09B52FBB2AF315A400C8A2C1 /* To Do App */ = {
			isa = PBXNativeTarget;
			buildConfigurationList = 09B52FCF2AF315AB00C8A2C1 /* Build configuration list for PBXNativeTarget "To Do App" */;
			buildPhases = (
				09B52FB82AF315A400C8A2C1 /* Sources */,
				09B52FB92AF315A400C8A2C1 /* Frameworks */,
				09B52FBA2AF315A400C8A2C1 /* Resources */,
			);
			buildRules = (
			);
			dependencies = (
			);
			name = "To Do App";
			productName = "To Do App";
			productReference = 09B52FBC2AF315A400C8A2C1 /* To Do App.app */;
			productType = "com.apple.product-type.application";
		};
/* End PBXNativeTarget section */

/* Begin PBXProject section */
		09B52FB42AF315A400C8A2C1 /* Project object */ = {
			isa = PBXProject;
			attributes = {
				BuildIndependentTargetsInParallel = 1;
				LastSwiftUpdateCheck = 1420;
				LastUpgradeCheck = 1420;
				TargetAttributes = {
					09B52FBB2AF315A400C8A2C1 = {
						CreatedOnToolsVersion = 14.2;
					};
				};
			};
			buildConfigurationList = 09B52FB72AF315A400C8A2C1 /* Build configuration list for PBXProject "To Do App" */;
			compatibilityVersion = "Xcode 14.0";
			developmentRegion = en;
			hasScannedForEncodings = 0;
			knownRegions = (
				en,
				Base,
			);
			mainGroup = 09B52FB32AF315A400C8A2C1;
			productRefGroup = 09B52FBD2AF315A400C8A2C1 /* Products */;
			projectDirPath = "";
			projectRoot = "";
			targets = (
				09B52FBB2AF315A400C8A2C1 /* To Do App */,
			);
		};
/* End PBXProject section */

/* Begin PBXResourcesBuildPhase section */
		09B52FBA2AF315A400C8A2C1 /* Resources */ = {
			isa = PBXResourcesBuildPhase;
			buildActionMask = 2147483647;
			files = (
				099444CA2B01294200A073B1 /* Green Light.png in Resources */,
				09E5BC852AF9520500CE9DFE /* LaunchScreen.storyboard in Resources */,
				099444C82B01294200A073B1 /* Green Dark.png in Resources */,
				099444C72B01294200A073B1 /* Blue Light.png in Resources */,
				099444C92B01294200A073B1 /* Blue.png in Resources */,
				099444CB2B01294200A073B1 /* Pink.png in Resources */,
				099444CC2B01294200A073B1 /* Blue Dark.png in Resources */,
				09B52FC72AF315AB00C8A2C1 /* Preview Assets.xcassets in Resources */,
				09B52FC42AF315AB00C8A2C1 /* Assets.xcassets in Resources */,
				099444CE2B01294200A073B1 /* Pink Dark.png in Resources */,
				099444CD2B01294200A073B1 /* Green.png in Resources */,
				099444CF2B01294200A073B1 /* Pink Light.png in Resources */,
			);
			runOnlyForDeploymentPostprocessing = 0;
		};
/* End PBXResourcesBuildPhase section */

/* Begin PBXSourcesBuildPhase section */
		09B52FB82AF315A400C8A2C1 /* Sources */ = {
			isa = PBXSourcesBuildPhase;
			buildActionMask = 2147483647;
			files = (
				09FC7B622AFD96D000C3D6F1 /* SettingsView.swift in Sources */,
				09FC7B642AFD9B9900C3D6F1 /* FormRowStaticView.swift in Sources */,
				09FC7B662AFD9E7D00C3D6F1 /* FormRowLinkView.swift in Sources */,
				0958C5042B0273DC005ED83C /* ThemeData.swift in Sources */,
				09B52FC92AF315AB00C8A2C1 /* Persistence.swift in Sources */,
				09B52FD42AF3168F00C8A2C1 /* AddToDoView.swift in Sources */,
				0958C5062B02746C005ED83C /* ThemeSettings.swift in Sources */,
				0924B4562AFA85FA00904A2A /* EmptyListView.swift in Sources */,
				09B52FC22AF315A400C8A2C1 /* ContentView.swift in Sources */,
				0958C5022B027378005ED83C /* ThemeModel.swift in Sources */,
				09B52FC02AF315A400C8A2C1 /* To_Do_AppApp.swift in Sources */,
				09B52FCC2AF315AB00C8A2C1 /* To_Do_App.xcdatamodeld in Sources */,
			);
			runOnlyForDeploymentPostprocessing = 0;
		};
/* End PBXSourcesBuildPhase section */

/* Begin XCBuildConfiguration section */
		09B52FCD2AF315AB00C8A2C1 /* Debug */ = {
			isa = XCBuildConfiguration;
			buildSettings = {
				ALWAYS_SEARCH_USER_PATHS = NO;
				CLANG_ANALYZER_NONNULL = YES;
				CLANG_ANALYZER_NUMBER_OBJECT_CONVERSION = YES_AGGRESSIVE;
				CLANG_CXX_LANGUAGE_STANDARD = "gnu++20";
				CLANG_ENABLE_MODULES = YES;
				CLANG_ENABLE_OBJC_ARC = YES;
				CLANG_ENABLE_OBJC_WEAK = YES;
				CLANG_WARN_BLOCK_CAPTURE_AUTORELEASING = YES;
				CLANG_WARN_BOOL_CONVERSION = YES;
				CLANG_WARN_COMMA = YES;
				CLANG_WARN_CONSTANT_CONVERSION = YES;
				CLANG_WARN_DEPRECATED_OBJC_IMPLEMENTATIONS = YES;
				CLANG_WARN_DIRECT_OBJC_ISA_USAGE = YES_ERROR;
				CLANG_WARN_DOCUMENTATION_COMMENTS = YES;
				CLANG_WARN_EMPTY_BODY = YES;
				CLANG_WARN_ENUM_CONVERSION = YES;
				CLANG_WARN_INFINITE_RECURSION = YES;
				CLANG_WARN_INT_CONVERSION = YES;
				CLANG_WARN_NON_LITERAL_NULL_CONVERSION = YES;
				CLANG_WARN_OBJC_IMPLICIT_RETAIN_SELF = YES;
				CLANG_WARN_OBJC_LITERAL_CONVERSION = YES;
				CLANG_WARN_OBJC_ROOT_CLASS = YES_ERROR;
				CLANG_WARN_QUOTED_INCLUDE_IN_FRAMEWORK_HEADER = YES;
				CLANG_WARN_RANGE_LOOP_ANALYSIS = YES;
				CLANG_WARN_STRICT_PROTOTYPES = YES;
				CLANG_WARN_SUSPICIOUS_MOVE = YES;
				CLANG_WARN_UNGUARDED_AVAILABILITY = YES_AGGRESSIVE;
				CLANG_WARN_UNREACHABLE_CODE = YES;
				CLANG_WARN__DUPLICATE_METHOD_MATCH = YES;
				COPY_PHASE_STRIP = NO;
				DEBUG_INFORMATION_FORMAT = dwarf;
				ENABLE_STRICT_OBJC_MSGSEND = YES;
				ENABLE_TESTABILITY = YES;
				GCC_C_LANGUAGE_STANDARD = gnu11;
				GCC_DYNAMIC_NO_PIC = NO;
				GCC_NO_COMMON_BLOCKS = YES;
				GCC_OPTIMIZATION_LEVEL = 0;
				GCC_PREPROCESSOR_DEFINITIONS = (
					"DEBUG=1",
					"$(inherited)",
				);
				GCC_WARN_64_TO_32_BIT_CONVERSION = YES;
				GCC_WARN_ABOUT_RETURN_TYPE = YES_ERROR;
				GCC_WARN_UNDECLARED_SELECTOR = YES;
				GCC_WARN_UNINITIALIZED_AUTOS = YES_AGGRESSIVE;
				GCC_WARN_UNUSED_FUNCTION = YES;
				GCC_WARN_UNUSED_VARIABLE = YES;
				IPHONEOS_DEPLOYMENT_TARGET = 16.2;
				MTL_ENABLE_DEBUG_INFO = INCLUDE_SOURCE;
				MTL_FAST_MATH = YES;
				ONLY_ACTIVE_ARCH = YES;
				SDKROOT = iphoneos;
				SWIFT_ACTIVE_COMPILATION_CONDITIONS = DEBUG;
				SWIFT_OPTIMIZATION_LEVEL = "-Onone";
			};
			name = Debug;
		};
		09B52FCE2AF315AB00C8A2C1 /* Release */ = {
			isa = XCBuildConfiguration;
			buildSettings = {
				ALWAYS_SEARCH_USER_PATHS = NO;
				CLANG_ANALYZER_NONNULL = YES;
				CLANG_ANALYZER_NUMBER_OBJECT_CONVERSION = YES_AGGRESSIVE;
				CLANG_CXX_LANGUAGE_STANDARD = "gnu++20";
				CLANG_ENABLE_MODULES = YES;
				CLANG_ENABLE_OBJC_ARC = YES;
				CLANG_ENABLE_OBJC_WEAK = YES;
				CLANG_WARN_BLOCK_CAPTURE_AUTORELEASING = YES;
				CLANG_WARN_BOOL_CONVERSION = YES;
				CLANG_WARN_COMMA = YES;
				CLANG_WARN_CONSTANT_CONVERSION = YES;
				CLANG_WARN_DEPRECATED_OBJC_IMPLEMENTATIONS = YES;
				CLANG_WARN_DIRECT_OBJC_ISA_USAGE = YES_ERROR;
				CLANG_WARN_DOCUMENTATION_COMMENTS = YES;
				CLANG_WARN_EMPTY_BODY = YES;
				CLANG_WARN_ENUM_CONVERSION = YES;
				CLANG_WARN_INFINITE_RECURSION = YES;
				CLANG_WARN_INT_CONVERSION = YES;
				CLANG_WARN_NON_LITERAL_NULL_CONVERSION = YES;
				CLANG_WARN_OBJC_IMPLICIT_RETAIN_SELF = YES;
				CLANG_WARN_OBJC_LITERAL_CONVERSION = YES;
				CLANG_WARN_OBJC_ROOT_CLASS = YES_ERROR;
				CLANG_WARN_QUOTED_INCLUDE_IN_FRAMEWORK_HEADER = YES;
				CLANG_WARN_RANGE_LOOP_ANALYSIS = YES;
				CLANG_WARN_STRICT_PROTOTYPES = YES;
				CLANG_WARN_SUSPICIOUS_MOVE = YES;
				CLANG_WARN_UNGUARDED_AVAILABILITY = YES_AGGRESSIVE;
				CLANG_WARN_UNREACHABLE_CODE = YES;
				CLANG_WARN__DUPLICATE_METHOD_MATCH = YES;
				COPY_PHASE_STRIP = NO;
				DEBUG_INFORMATION_FORMAT = "dwarf-with-dsym";
				ENABLE_NS_ASSERTIONS = NO;
				ENABLE_STRICT_OBJC_MSGSEND = YES;
				GCC_C_LANGUAGE_STANDARD = gnu11;
				GCC_NO_COMMON_BLOCKS = YES;
				GCC_WARN_64_TO_32_BIT_CONVERSION = YES;
				GCC_WARN_ABOUT_RETURN_TYPE = YES_ERROR;
				GCC_WARN_UNDECLARED_SELECTOR = YES;
				GCC_WARN_UNINITIALIZED_AUTOS = YES_AGGRESSIVE;
				GCC_WARN_UNUSED_FUNCTION = YES;
				GCC_WARN_UNUSED_VARIABLE = YES;
				IPHONEOS_DEPLOYMENT_TARGET = 16.2;
				MTL_ENABLE_DEBUG_INFO = NO;
				MTL_FAST_MATH = YES;
				SDKROOT = iphoneos;
				SWIFT_COMPILATION_MODE = wholemodule;
				SWIFT_OPTIMIZATION_LEVEL = "-O";
				VALIDATE_PRODUCT = YES;
			};
			name = Release;
		};
		09B52FD02AF315AB00C8A2C1 /* Debug */ = {
			isa = XCBuildConfiguration;
			buildSettings = {
				ASSETCATALOG_COMPILER_APPICON_NAME = AppIcon;
				ASSETCATALOG_COMPILER_GLOBAL_ACCENT_COLOR_NAME = AccentColor;
				CODE_SIGN_STYLE = Automatic;
				CURRENT_PROJECT_VERSION = 1;
				DEVELOPMENT_ASSET_PATHS = "\"To Do App/Preview Content\"";
				DEVELOPMENT_TEAM = 5WR73Q6863;
				ENABLE_PREVIEWS = YES;
				GENERATE_INFOPLIST_FILE = YES;
				INFOPLIST_FILE = "To-Do-App-Info.plist";
				INFOPLIST_KEY_UIApplicationSceneManifest_Generation = YES;
				INFOPLIST_KEY_UIApplicationSupportsIndirectInputEvents = YES;
				INFOPLIST_KEY_UILaunchStoryboardName = LaunchScreen.storyboard;
				INFOPLIST_KEY_UISupportedInterfaceOrientations = UIInterfaceOrientationPortrait;
				INFOPLIST_KEY_UISupportedInterfaceOrientations_iPad = "UIInterfaceOrientationLandscapeLeft UIInterfaceOrientationLandscapeRight UIInterfaceOrientationPortrait";
				LD_RUNPATH_SEARCH_PATHS = (
					"$(inherited)",
					"@executable_path/Frameworks",
				);
				MARKETING_VERSION = 1.0;
				PRODUCT_BUNDLE_IDENTIFIER = "com.adriancysvillegas.To-Do-App";
				PRODUCT_NAME = "$(TARGET_NAME)";
				SWIFT_EMIT_LOC_STRINGS = YES;
				SWIFT_VERSION = 5.0;
				TARGETED_DEVICE_FAMILY = "1,2";
			};
			name = Debug;
		};
		09B52FD12AF315AB00C8A2C1 /* Release */ = {
			isa = XCBuildConfiguration;
			buildSettings = {
				ASSETCATALOG_COMPILER_APPICON_NAME = AppIcon;
				ASSETCATALOG_COMPILER_GLOBAL_ACCENT_COLOR_NAME = AccentColor;
				CODE_SIGN_STYLE = Automatic;
				CURRENT_PROJECT_VERSION = 1;
				DEVELOPMENT_ASSET_PATHS = "\"To Do App/Preview Content\"";
				DEVELOPMENT_TEAM = 5WR73Q6863;
				ENABLE_PREVIEWS = YES;
				GENERATE_INFOPLIST_FILE = YES;
				INFOPLIST_FILE = "To-Do-App-Info.plist";
				INFOPLIST_KEY_UIApplicationSceneManifest_Generation = YES;
				INFOPLIST_KEY_UIApplicationSupportsIndirectInputEvents = YES;
				INFOPLIST_KEY_UILaunchStoryboardName = LaunchScreen.storyboard;
				INFOPLIST_KEY_UISupportedInterfaceOrientations = UIInterfaceOrientationPortrait;
				INFOPLIST_KEY_UISupportedInterfaceOrientations_iPad = "UIInterfaceOrientationLandscapeLeft UIInterfaceOrientationLandscapeRight UIInterfaceOrientationPortrait";
				LD_RUNPATH_SEARCH_PATHS = (
					"$(inherited)",
					"@executable_path/Frameworks",
				);
				MARKETING_VERSION = 1.0;
				PRODUCT_BUNDLE_IDENTIFIER = "com.adriancysvillegas.To-Do-App";
				PRODUCT_NAME = "$(TARGET_NAME)";
				SWIFT_EMIT_LOC_STRINGS = YES;
				SWIFT_VERSION = 5.0;
				TARGETED_DEVICE_FAMILY = "1,2";
			};
			name = Release;
		};
/* End XCBuildConfiguration section */

/* Begin XCConfigurationList section */
		09B52FB72AF315A400C8A2C1 /* Build configuration list for PBXProject "To Do App" */ = {
			isa = XCConfigurationList;
			buildConfigurations = (
				09B52FCD2AF315AB00C8A2C1 /* Debug */,
				09B52FCE2AF315AB00C8A2C1 /* Release */,
			);
			defaultConfigurationIsVisible = 0;
			defaultConfigurationName = Release;
		};
		09B52FCF2AF315AB00C8A2C1 /* Build configuration list for PBXNativeTarget "To Do App" */ = {
			isa = XCConfigurationList;
			buildConfigurations = (
				09B52FD02AF315AB00C8A2C1 /* Debug */,
				09B52FD12AF315AB00C8A2C1 /* Release */,
			);
			defaultConfigurationIsVisible = 0;
			defaultConfigurationName = Release;
		};
/* End XCConfigurationList section */

/* Begin XCVersionGroup section */
		09B52FCA2AF315AB00C8A2C1 /* To_Do_App.xcdatamodeld */ = {
			isa = XCVersionGroup;
			children = (
				09B52FCB2AF315AB00C8A2C1 /* To_Do_App.xcdatamodel */,
			);
			currentVersion = 09B52FCB2AF315AB00C8A2C1 /* To_Do_App.xcdatamodel */;
			path = To_Do_App.xcdatamodeld;
			sourceTree = "<group>";
			versionGroupType = wrapper.xcdatamodel;
		};
/* End XCVersionGroup section */
	};
	rootObject = 09B52FB42AF315A400C8A2C1 /* Project object */;
}
